
Microsoft Visual Studio Solution File, Format Version 12.00
# Visual Studio Version 16
VisualStudioVersion = 16.0.30503.244
MinimumVisualStudioVersion = 10.0.40219.1
Project("{2150E333-8FDC-42A3-9474-1A3956D46DE8}") = "src", "src", "{B06413D7-B881-47EC-8410-7D02EBD55251}"
EndProject
Project("{2150E333-8FDC-42A3-9474-1A3956D46DE8}") = "tests", "tests", "{558F4F1D-FE2F-43D3-872B-021BF33CC8F5}"
EndProject
Project("{9A19103F-16F7-4668-BE54-9A1E7A4F7556}") = "ShippingEngine.ConsoleApp", "src\ShippingEngine.ConsoleApp\ShippingEngine.ConsoleApp.csproj", "{C80E9E09-011A-4CA6-92F8-35876D6C1FC7}"
EndProject
Project("{FAE04EC0-301F-11D3-BF4B-00C04F79EFBC}") = "ShippingEngine.Application", "src\ShippingEngine.Application\ShippingEngine.Application.csproj", "{15BDB3F2-5156-4CA7-8A21-DCC37328F13E}"
EndProject
Global
	GlobalSection(SolutionConfigurationPlatforms) = preSolution
		Debug|Any CPU = Debug|Any CPU
		Release|Any CPU = Release|Any CPU
	EndGlobalSection
	GlobalSection(ProjectConfigurationPlatforms) = postSolution
		{C80E9E09-011A-4CA6-92F8-35876D6C1FC7}.Debug|Any CPU.ActiveCfg = Debug|Any CPU
		{C80E9E09-011A-4CA6-92F8-35876D6C1FC7}.Debug|Any CPU.Build.0 = Debug|Any CPU
		{C80E9E09-011A-4CA6-92F8-35876D6C1FC7}.Release|Any CPU.ActiveCfg = Release|Any CPU
		{C80E9E09-011A-4CA6-92F8-35876D6C1FC7}.Release|Any CPU.Build.0 = Release|Any CPU
		{15BDB3F2-5156-4CA7-8A21-DCC37328F13E}.Debug|Any CPU.ActiveCfg = Debug|Any CPU
		{15BDB3F2-5156-4CA7-8A21-DCC37328F13E}.Debug|Any CPU.Build.0 = Debug|Any CPU
		{15BDB3F2-5156-4CA7-8A21-DCC37328F13E}.Release|Any CPU.ActiveCfg = Release|Any CPU
		{15BDB3F2-5156-4CA7-8A21-DCC37328F13E}.Release|Any CPU.Build.0 = Release|Any CPU
	EndGlobalSection
	GlobalSection(SolutionProperties) = preSolution
		HideSolutionNode = FALSE
	EndGlobalSection
	GlobalSection(NestedProjects) = preSolution
		{C80E9E09-011A-4CA6-92F8-35876D6C1FC7} = {B06413D7-B881-47EC-8410-7D02EBD55251}
		{15BDB3F2-5156-4CA7-8A21-DCC37328F13E} = {B06413D7-B881-47EC-8410-7D02EBD55251}
	EndGlobalSection
	GlobalSection(ExtensibilityGlobals) = postSolution
		SolutionGuid = {6133CB1E-4899-4A49-B4CC-9C9CA142EF3B}
	EndGlobalSection
EndGlobal
